
Microsoft Visual Studio Solution File, Format Version 12.00
# Visual Studio Version 16
VisualStudioVersion = 25.0.1706.7
MinimumVisualStudioVersion = 10.0.40219.1
Project("{FAE04EC0-301F-11D3-BF4B-00C04F79EFBC}") = "BestBuyBestPractices", "BestBuyBestPractices\BestBuyBestPractices.csproj", "{405EAC7A-03F8-4B34-903E-513DDC19DA4D}"
EndProject
Global
	GlobalSection(SolutionConfigurationPlatforms) = preSolution
		Debug|Any CPU = Debug|Any CPU
		Release|Any CPU = Release|Any CPU
	EndGlobalSection
	GlobalSection(ProjectConfigurationPlatforms) = postSolution
		{405EAC7A-03F8-4B34-903E-513DDC19DA4D}.Debug|Any CPU.ActiveCfg = Debug|Any CPU
		{405EAC7A-03F8-4B34-903E-513DDC19DA4D}.Debug|Any CPU.Build.0 = Debug|Any CPU
		{405EAC7A-03F8-4B34-903E-513DDC19DA4D}.Release|Any CPU.ActiveCfg = Release|Any CPU
		{405EAC7A-03F8-4B34-903E-513DDC19DA4D}.Release|Any CPU.Build.0 = Release|Any CPU
	EndGlobalSection
	GlobalSection(SolutionProperties) = preSolution
		HideSolutionNode = FALSE
	EndGlobalSection
	GlobalSection(ExtensibilityGlobals) = postSolution
		SolutionGuid = {8F02BAA0-9734-4D4A-88AE-76410AF3AE51}
	EndGlobalSection
EndGlobal
